
Microsoft Visual Studio Solution File, Format Version 12.00
# Visual Studio Version 16
VisualStudioVersion = 16.0.30128.74
MinimumVisualStudioVersion = 10.0.40219.1
Project("{FAE04EC0-301F-11D3-BF4B-00C04F79EFBC}") = "Tal", "Tal\Tal.csproj", "{C8EAC595-B391-4BDA-BB40-F576794F8066}"
EndProject
Global
	GlobalSection(SolutionConfigurationPlatforms) = preSolution
		Debug|Any CPU = Debug|Any CPU
		Release|Any CPU = Release|Any CPU
	EndGlobalSection
	GlobalSection(ProjectConfigurationPlatforms) = postSolution
		{C8EAC595-B391-4BDA-BB40-F576794F8066}.Debug|Any CPU.ActiveCfg = Debug|Any CPU
		{C8EAC595-B391-4BDA-BB40-F576794F8066}.Debug|Any CPU.Build.0 = Debug|Any CPU
		{C8EAC595-B391-4BDA-BB40-F576794F8066}.Release|Any CPU.ActiveCfg = Release|Any CPU
		{C8EAC595-B391-4BDA-BB40-F576794F8066}.Release|Any CPU.Build.0 = Release|Any CPU
	EndGlobalSection
	GlobalSection(SolutionProperties) = preSolution
		HideSolutionNode = FALSE
	EndGlobalSection
	GlobalSection(ExtensibilityGlobals) = postSolution
		SolutionGuid = {0E863607-DF1C-4AAC-AD47-D9D6A42D17EE}
	EndGlobalSection
EndGlobal
